
Microsoft Visual Studio Solution File, Format Version 12.00
# Visual Studio Version 16
VisualStudioVersion = 16.0.28803.452
MinimumVisualStudioVersion = 10.0.40219.1
Project("{FAE04EC0-301F-11D3-BF4B-00C04F79EFBC}") = "Optional method drill", "Optional method drill\Optional method drill.csproj", "{11C71B33-E0E1-4401-A9B8-D7AE68E0F7CB}"
EndProject
Global
	GlobalSection(SolutionConfigurationPlatforms) = preSolution
		Debug|Any CPU = Debug|Any CPU
		Release|Any CPU = Release|Any CPU
	EndGlobalSection
	GlobalSection(ProjectConfigurationPlatforms) = postSolution
		{11C71B33-E0E1-4401-A9B8-D7AE68E0F7CB}.Debug|Any CPU.ActiveCfg = Debug|Any CPU
		{11C71B33-E0E1-4401-A9B8-D7AE68E0F7CB}.Debug|Any CPU.Build.0 = Debug|Any CPU
		{11C71B33-E0E1-4401-A9B8-D7AE68E0F7CB}.Release|Any CPU.ActiveCfg = Release|Any CPU
		{11C71B33-E0E1-4401-A9B8-D7AE68E0F7CB}.Release|Any CPU.Build.0 = Release|Any CPU
	EndGlobalSection
	GlobalSection(SolutionProperties) = preSolution
		HideSolutionNode = FALSE
	EndGlobalSection
	GlobalSection(ExtensibilityGlobals) = postSolution
		SolutionGuid = {E85D857A-A5D9-4322-9CAE-834E632B1958}
	EndGlobalSection
EndGlobal
