
Microsoft Visual Studio Solution File, Format Version 12.00
# Visual Studio Version 16
VisualStudioVersion = 16.0.28803.452
MinimumVisualStudioVersion = 10.0.40219.1
Project("{FAE04EC0-301F-11D3-BF4B-00C04F79EFBC}") = "Array Drill", "Array Drill\Array Drill.csproj", "{BF648368-A154-44BA-BC5B-EC73ED2F470D}"
EndProject
Global
	GlobalSection(SolutionConfigurationPlatforms) = preSolution
		Debug|Any CPU = Debug|Any CPU
		Release|Any CPU = Release|Any CPU
	EndGlobalSection
	GlobalSection(ProjectConfigurationPlatforms) = postSolution
		{BF648368-A154-44BA-BC5B-EC73ED2F470D}.Debug|Any CPU.ActiveCfg = Debug|Any CPU
		{BF648368-A154-44BA-BC5B-EC73ED2F470D}.Debug|Any CPU.Build.0 = Debug|Any CPU
		{BF648368-A154-44BA-BC5B-EC73ED2F470D}.Release|Any CPU.ActiveCfg = Release|Any CPU
		{BF648368-A154-44BA-BC5B-EC73ED2F470D}.Release|Any CPU.Build.0 = Release|Any CPU
	EndGlobalSection
	GlobalSection(SolutionProperties) = preSolution
		HideSolutionNode = FALSE
	EndGlobalSection
	GlobalSection(ExtensibilityGlobals) = postSolution
		SolutionGuid = {9A3F7147-EB6E-42EC-9083-463EFC91DD38}
	EndGlobalSection
EndGlobal
