
Microsoft Visual Studio Solution File, Format Version 12.00
# Visual Studio Version 16
VisualStudioVersion = 16.0.28803.452
MinimumVisualStudioVersion = 10.0.40219.1
Project("{FAE04EC0-301F-11D3-BF4B-00C04F79EFBC}") = "Methods drill", "Methods drill\Methods drill.csproj", "{6FA3E015-A933-4C14-A5D1-3939FC2691F0}"
EndProject
Global
	GlobalSection(SolutionConfigurationPlatforms) = preSolution
		Debug|Any CPU = Debug|Any CPU
		Release|Any CPU = Release|Any CPU
	EndGlobalSection
	GlobalSection(ProjectConfigurationPlatforms) = postSolution
		{6FA3E015-A933-4C14-A5D1-3939FC2691F0}.Debug|Any CPU.ActiveCfg = Debug|Any CPU
		{6FA3E015-A933-4C14-A5D1-3939FC2691F0}.Debug|Any CPU.Build.0 = Debug|Any CPU
		{6FA3E015-A933-4C14-A5D1-3939FC2691F0}.Release|Any CPU.ActiveCfg = Release|Any CPU
		{6FA3E015-A933-4C14-A5D1-3939FC2691F0}.Release|Any CPU.Build.0 = Release|Any CPU
	EndGlobalSection
	GlobalSection(SolutionProperties) = preSolution
		HideSolutionNode = FALSE
	EndGlobalSection
	GlobalSection(ExtensibilityGlobals) = postSolution
		SolutionGuid = {38AFC651-5C27-44D3-9B5C-A237A14E0E2C}
	EndGlobalSection
EndGlobal
