
Microsoft Visual Studio Solution File, Format Version 12.00
# Visual Studio Version 16
VisualStudioVersion = 16.0.28803.452
MinimumVisualStudioVersion = 10.0.40219.1
Project("{FAE04EC0-301F-11D3-BF4B-00C04F79EFBC}") = "String drill", "String drill\String drill.csproj", "{A9CCB58B-6561-4478-BCB6-D0FD4328005D}"
EndProject
Global
	GlobalSection(SolutionConfigurationPlatforms) = preSolution
		Debug|Any CPU = Debug|Any CPU
		Release|Any CPU = Release|Any CPU
	EndGlobalSection
	GlobalSection(ProjectConfigurationPlatforms) = postSolution
		{A9CCB58B-6561-4478-BCB6-D0FD4328005D}.Debug|Any CPU.ActiveCfg = Debug|Any CPU
		{A9CCB58B-6561-4478-BCB6-D0FD4328005D}.Debug|Any CPU.Build.0 = Debug|Any CPU
		{A9CCB58B-6561-4478-BCB6-D0FD4328005D}.Release|Any CPU.ActiveCfg = Release|Any CPU
		{A9CCB58B-6561-4478-BCB6-D0FD4328005D}.Release|Any CPU.Build.0 = Release|Any CPU
	EndGlobalSection
	GlobalSection(SolutionProperties) = preSolution
		HideSolutionNode = FALSE
	EndGlobalSection
	GlobalSection(ExtensibilityGlobals) = postSolution
		SolutionGuid = {5CA36AB6-C1B4-4FDE-A4B8-53FD13080C51}
	EndGlobalSection
EndGlobal
