
Microsoft Visual Studio Solution File, Format Version 12.00
# Visual Studio Version 16
VisualStudioVersion = 16.0.28803.452
MinimumVisualStudioVersion = 10.0.40219.1
Project("{FAE04EC0-301F-11D3-BF4B-00C04F79EFBC}") = "inheritence drill", "inheritence drill\inheritence drill.csproj", "{D83A3F14-5081-4FCB-84FD-C1F85A6B6337}"
EndProject
Global
	GlobalSection(SolutionConfigurationPlatforms) = preSolution
		Debug|Any CPU = Debug|Any CPU
		Release|Any CPU = Release|Any CPU
	EndGlobalSection
	GlobalSection(ProjectConfigurationPlatforms) = postSolution
		{D83A3F14-5081-4FCB-84FD-C1F85A6B6337}.Debug|Any CPU.ActiveCfg = Debug|Any CPU
		{D83A3F14-5081-4FCB-84FD-C1F85A6B6337}.Debug|Any CPU.Build.0 = Debug|Any CPU
		{D83A3F14-5081-4FCB-84FD-C1F85A6B6337}.Release|Any CPU.ActiveCfg = Release|Any CPU
		{D83A3F14-5081-4FCB-84FD-C1F85A6B6337}.Release|Any CPU.Build.0 = Release|Any CPU
	EndGlobalSection
	GlobalSection(SolutionProperties) = preSolution
		HideSolutionNode = FALSE
	EndGlobalSection
	GlobalSection(ExtensibilityGlobals) = postSolution
		SolutionGuid = {B504D210-1128-4963-AD6C-BC98F095F970}
	EndGlobalSection
EndGlobal
