
Microsoft Visual Studio Solution File, Format Version 12.00
# Visual Studio Version 16
VisualStudioVersion = 16.0.28803.452
MinimumVisualStudioVersion = 10.0.40219.1
Project("{FAE04EC0-301F-11D3-BF4B-00C04F79EFBC}") = "DateTime drill", "DateTime drill\DateTime drill.csproj", "{7C3CD5B3-B028-4EEE-B1CB-72B455362D6A}"
EndProject
Global
	GlobalSection(SolutionConfigurationPlatforms) = preSolution
		Debug|Any CPU = Debug|Any CPU
		Release|Any CPU = Release|Any CPU
	EndGlobalSection
	GlobalSection(ProjectConfigurationPlatforms) = postSolution
		{7C3CD5B3-B028-4EEE-B1CB-72B455362D6A}.Debug|Any CPU.ActiveCfg = Debug|Any CPU
		{7C3CD5B3-B028-4EEE-B1CB-72B455362D6A}.Debug|Any CPU.Build.0 = Debug|Any CPU
		{7C3CD5B3-B028-4EEE-B1CB-72B455362D6A}.Release|Any CPU.ActiveCfg = Release|Any CPU
		{7C3CD5B3-B028-4EEE-B1CB-72B455362D6A}.Release|Any CPU.Build.0 = Release|Any CPU
	EndGlobalSection
	GlobalSection(SolutionProperties) = preSolution
		HideSolutionNode = FALSE
	EndGlobalSection
	GlobalSection(ExtensibilityGlobals) = postSolution
		SolutionGuid = {5E70AC97-76FB-44D6-B4E7-67C8DF8139ED}
	EndGlobalSection
EndGlobal
